
Microsoft Visual Studio Solution File, Format Version 12.00
# Visual Studio Version 17
VisualStudioVersion = 17.9.34723.18
MinimumVisualStudioVersion = 10.0.40219.1
Project("{FAE04EC0-301F-11D3-BF4B-00C04F79EFBC}") = "homework_7_Class", "homework_7_Class\homework_7_Class.csproj", "{605E615F-D912-4DE3-A32C-5B7805A82942}"
EndProject
Global
	GlobalSection(SolutionConfigurationPlatforms) = preSolution
		Debug|Any CPU = Debug|Any CPU
		Release|Any CPU = Release|Any CPU
	EndGlobalSection
	GlobalSection(ProjectConfigurationPlatforms) = postSolution
		{605E615F-D912-4DE3-A32C-5B7805A82942}.Debug|Any CPU.ActiveCfg = Debug|Any CPU
		{605E615F-D912-4DE3-A32C-5B7805A82942}.Debug|Any CPU.Build.0 = Debug|Any CPU
		{605E615F-D912-4DE3-A32C-5B7805A82942}.Release|Any CPU.ActiveCfg = Release|Any CPU
		{605E615F-D912-4DE3-A32C-5B7805A82942}.Release|Any CPU.Build.0 = Release|Any CPU
	EndGlobalSection
	GlobalSection(SolutionProperties) = preSolution
		HideSolutionNode = FALSE
	EndGlobalSection
	GlobalSection(ExtensibilityGlobals) = postSolution
		SolutionGuid = {A9A071BA-1D7C-42F6-AB1C-DE169805B221}
	EndGlobalSection
EndGlobal
