
Microsoft Visual Studio Solution File, Format Version 12.00
# Visual Studio Version 17
VisualStudioVersion = 17.9.34723.18
MinimumVisualStudioVersion = 10.0.40219.1
Project("{9A19103F-16F7-4668-BE54-9A1E7A4F7556}") = "Weaponry.Core", "Weaponry.Core\Weaponry.Core.csproj", "{216EAAE4-1FFC-4CC1-AD59-EC54B7B60F49}"
EndProject
Project("{9A19103F-16F7-4668-BE54-9A1E7A4F7556}") = "Weaponry.Database", "Weaponry.Database\Weaponry.Database.csproj", "{AAF3DCAD-1673-42E0-ACE3-0CCC306973F7}"
EndProject
Project("{9A19103F-16F7-4668-BE54-9A1E7A4F7556}") = "Weaponry.Business", "Weaponry.Business\Weaponry.Business.csproj", "{0DFE3FCF-3C9F-4879-8774-1B5B15884731}"
EndProject
Project("{9A19103F-16F7-4668-BE54-9A1E7A4F7556}") = "Weaponry.CA", "Weaponry.CA\Weaponry.CA.csproj", "{C7FC1365-9B41-4AA4-92F2-3AFA57E3E057}"
EndProject
Global
	GlobalSection(SolutionConfigurationPlatforms) = preSolution
		Debug|Any CPU = Debug|Any CPU
		Release|Any CPU = Release|Any CPU
	EndGlobalSection
	GlobalSection(ProjectConfigurationPlatforms) = postSolution
		{216EAAE4-1FFC-4CC1-AD59-EC54B7B60F49}.Debug|Any CPU.ActiveCfg = Debug|Any CPU
		{216EAAE4-1FFC-4CC1-AD59-EC54B7B60F49}.Debug|Any CPU.Build.0 = Debug|Any CPU
		{216EAAE4-1FFC-4CC1-AD59-EC54B7B60F49}.Release|Any CPU.ActiveCfg = Release|Any CPU
		{216EAAE4-1FFC-4CC1-AD59-EC54B7B60F49}.Release|Any CPU.Build.0 = Release|Any CPU
		{AAF3DCAD-1673-42E0-ACE3-0CCC306973F7}.Debug|Any CPU.ActiveCfg = Debug|Any CPU
		{AAF3DCAD-1673-42E0-ACE3-0CCC306973F7}.Debug|Any CPU.Build.0 = Debug|Any CPU
		{AAF3DCAD-1673-42E0-ACE3-0CCC306973F7}.Release|Any CPU.ActiveCfg = Release|Any CPU
		{AAF3DCAD-1673-42E0-ACE3-0CCC306973F7}.Release|Any CPU.Build.0 = Release|Any CPU
		{0DFE3FCF-3C9F-4879-8774-1B5B15884731}.Debug|Any CPU.ActiveCfg = Debug|Any CPU
		{0DFE3FCF-3C9F-4879-8774-1B5B15884731}.Debug|Any CPU.Build.0 = Debug|Any CPU
		{0DFE3FCF-3C9F-4879-8774-1B5B15884731}.Release|Any CPU.ActiveCfg = Release|Any CPU
		{0DFE3FCF-3C9F-4879-8774-1B5B15884731}.Release|Any CPU.Build.0 = Release|Any CPU
		{C7FC1365-9B41-4AA4-92F2-3AFA57E3E057}.Debug|Any CPU.ActiveCfg = Debug|Any CPU
		{C7FC1365-9B41-4AA4-92F2-3AFA57E3E057}.Debug|Any CPU.Build.0 = Debug|Any CPU
		{C7FC1365-9B41-4AA4-92F2-3AFA57E3E057}.Release|Any CPU.ActiveCfg = Release|Any CPU
		{C7FC1365-9B41-4AA4-92F2-3AFA57E3E057}.Release|Any CPU.Build.0 = Release|Any CPU
	EndGlobalSection
	GlobalSection(SolutionProperties) = preSolution
		HideSolutionNode = FALSE
	EndGlobalSection
	GlobalSection(ExtensibilityGlobals) = postSolution
		SolutionGuid = {D4ACF78B-C32B-44D1-8BF2-C9FCD1732CFF}
	EndGlobalSection
EndGlobal
