
Microsoft Visual Studio Solution File, Format Version 12.00
# Visual Studio Version 17
VisualStudioVersion = 17.9.34723.18
MinimumVisualStudioVersion = 10.0.40219.1
Project("{FAE04EC0-301F-11D3-BF4B-00C04F79EFBC}") = "homework_24_EF_MtoM", "homework_24_EF_MtoM\homework_24_EF_MtoM.csproj", "{62333410-CCA8-43F1-9163-D35535017176}"
EndProject
Global
	GlobalSection(SolutionConfigurationPlatforms) = preSolution
		Debug|Any CPU = Debug|Any CPU
		Release|Any CPU = Release|Any CPU
	EndGlobalSection
	GlobalSection(ProjectConfigurationPlatforms) = postSolution
		{62333410-CCA8-43F1-9163-D35535017176}.Debug|Any CPU.ActiveCfg = Debug|Any CPU
		{62333410-CCA8-43F1-9163-D35535017176}.Debug|Any CPU.Build.0 = Debug|Any CPU
		{62333410-CCA8-43F1-9163-D35535017176}.Release|Any CPU.ActiveCfg = Release|Any CPU
		{62333410-CCA8-43F1-9163-D35535017176}.Release|Any CPU.Build.0 = Release|Any CPU
	EndGlobalSection
	GlobalSection(SolutionProperties) = preSolution
		HideSolutionNode = FALSE
	EndGlobalSection
	GlobalSection(ExtensibilityGlobals) = postSolution
		SolutionGuid = {6BDC1270-EE8D-4AC0-9DFA-E6AACA1C6903}
	EndGlobalSection
EndGlobal
