
Microsoft Visual Studio Solution File, Format Version 12.00
# Visual Studio Version 17
VisualStudioVersion = 17.9.34723.18
MinimumVisualStudioVersion = 10.0.40219.1
Project("{FAE04EC0-301F-11D3-BF4B-00C04F79EFBC}") = "homework_9_Static_Extension", "homework_9_Static_Extension\homework_9_Static_Extension.csproj", "{FA180F73-116B-4DD0-937E-618546C2B506}"
EndProject
Global
	GlobalSection(SolutionConfigurationPlatforms) = preSolution
		Debug|Any CPU = Debug|Any CPU
		Release|Any CPU = Release|Any CPU
	EndGlobalSection
	GlobalSection(ProjectConfigurationPlatforms) = postSolution
		{FA180F73-116B-4DD0-937E-618546C2B506}.Debug|Any CPU.ActiveCfg = Debug|Any CPU
		{FA180F73-116B-4DD0-937E-618546C2B506}.Debug|Any CPU.Build.0 = Debug|Any CPU
		{FA180F73-116B-4DD0-937E-618546C2B506}.Release|Any CPU.ActiveCfg = Release|Any CPU
		{FA180F73-116B-4DD0-937E-618546C2B506}.Release|Any CPU.Build.0 = Release|Any CPU
	EndGlobalSection
	GlobalSection(SolutionProperties) = preSolution
		HideSolutionNode = FALSE
	EndGlobalSection
	GlobalSection(ExtensibilityGlobals) = postSolution
		SolutionGuid = {3841514E-B447-4FFC-AEDC-35FA629133CD}
	EndGlobalSection
EndGlobal
