
Microsoft Visual Studio Solution File, Format Version 12.00
# Visual Studio Version 17
VisualStudioVersion = 17.9.34723.18
MinimumVisualStudioVersion = 10.0.40219.1
Project("{9A19103F-16F7-4668-BE54-9A1E7A4F7556}") = "CinemaReservationSystem.Core", "CinemaReservationSystem.Core\CinemaReservationSystem.Core.csproj", "{C5B71152-2A48-4C8C-B3EB-62BF10D58251}"
EndProject
Project("{9A19103F-16F7-4668-BE54-9A1E7A4F7556}") = "CinemaReservationSystem.DAL", "CinemaReservationSystem.DAL\CinemaReservationSystem.DAL.csproj", "{EB1CB97C-2114-4E52-A611-B3F4AC18CEFC}"
EndProject
Project("{9A19103F-16F7-4668-BE54-9A1E7A4F7556}") = "CinemaReservationSystem.Business", "CinemaReservationSystem.Business\CinemaReservationSystem.Business.csproj", "{F4FA3C4D-9758-4042-9880-D383FE9B32FB}"
EndProject
Project("{9A19103F-16F7-4668-BE54-9A1E7A4F7556}") = "CinemaReservationSystem.API", "CinemaReservationSystem.API\CinemaReservationSystem.API.csproj", "{90E7B763-87C9-4A9F-AE0E-EDDF8013F22C}"
EndProject
Project("{FAE04EC0-301F-11D3-BF4B-00C04F79EFBC}") = "CinemaReservationSystem.MVC", "CinemaReservationSystem.MVC\CinemaReservationSystem.MVC.csproj", "{8EF1444F-84C9-41B0-908C-72A4178388E0}"
EndProject
Global
	GlobalSection(SolutionConfigurationPlatforms) = preSolution
		Debug|Any CPU = Debug|Any CPU
		Release|Any CPU = Release|Any CPU
	EndGlobalSection
	GlobalSection(ProjectConfigurationPlatforms) = postSolution
		{C5B71152-2A48-4C8C-B3EB-62BF10D58251}.Debug|Any CPU.ActiveCfg = Debug|Any CPU
		{C5B71152-2A48-4C8C-B3EB-62BF10D58251}.Debug|Any CPU.Build.0 = Debug|Any CPU
		{C5B71152-2A48-4C8C-B3EB-62BF10D58251}.Release|Any CPU.ActiveCfg = Release|Any CPU
		{C5B71152-2A48-4C8C-B3EB-62BF10D58251}.Release|Any CPU.Build.0 = Release|Any CPU
		{EB1CB97C-2114-4E52-A611-B3F4AC18CEFC}.Debug|Any CPU.ActiveCfg = Debug|Any CPU
		{EB1CB97C-2114-4E52-A611-B3F4AC18CEFC}.Debug|Any CPU.Build.0 = Debug|Any CPU
		{EB1CB97C-2114-4E52-A611-B3F4AC18CEFC}.Release|Any CPU.ActiveCfg = Release|Any CPU
		{EB1CB97C-2114-4E52-A611-B3F4AC18CEFC}.Release|Any CPU.Build.0 = Release|Any CPU
		{F4FA3C4D-9758-4042-9880-D383FE9B32FB}.Debug|Any CPU.ActiveCfg = Debug|Any CPU
		{F4FA3C4D-9758-4042-9880-D383FE9B32FB}.Debug|Any CPU.Build.0 = Debug|Any CPU
		{F4FA3C4D-9758-4042-9880-D383FE9B32FB}.Release|Any CPU.ActiveCfg = Release|Any CPU
		{F4FA3C4D-9758-4042-9880-D383FE9B32FB}.Release|Any CPU.Build.0 = Release|Any CPU
		{90E7B763-87C9-4A9F-AE0E-EDDF8013F22C}.Debug|Any CPU.ActiveCfg = Debug|Any CPU
		{90E7B763-87C9-4A9F-AE0E-EDDF8013F22C}.Debug|Any CPU.Build.0 = Debug|Any CPU
		{90E7B763-87C9-4A9F-AE0E-EDDF8013F22C}.Release|Any CPU.ActiveCfg = Release|Any CPU
		{90E7B763-87C9-4A9F-AE0E-EDDF8013F22C}.Release|Any CPU.Build.0 = Release|Any CPU
		{8EF1444F-84C9-41B0-908C-72A4178388E0}.Debug|Any CPU.ActiveCfg = Debug|Any CPU
		{8EF1444F-84C9-41B0-908C-72A4178388E0}.Debug|Any CPU.Build.0 = Debug|Any CPU
		{8EF1444F-84C9-41B0-908C-72A4178388E0}.Release|Any CPU.ActiveCfg = Release|Any CPU
		{8EF1444F-84C9-41B0-908C-72A4178388E0}.Release|Any CPU.Build.0 = Release|Any CPU
	EndGlobalSection
	GlobalSection(SolutionProperties) = preSolution
		HideSolutionNode = FALSE
	EndGlobalSection
	GlobalSection(ExtensibilityGlobals) = postSolution
		SolutionGuid = {457DFA14-B72F-418C-A9B2-7EF5C10FCC7A}
	EndGlobalSection
EndGlobal
