
Microsoft Visual Studio Solution File, Format Version 12.00
# Visual Studio Version 17
VisualStudioVersion = 17.9.34723.18
MinimumVisualStudioVersion = 10.0.40219.1
Project("{FAE04EC0-301F-11D3-BF4B-00C04F79EFBC}") = "homework_4_binarySearch_bubbleSort_valueType", "homework_4_binarySearch_bubbleSort_valueType\homework_4_binarySearch_bubbleSort_valueType.csproj", "{29F39DDC-1BC4-47BA-A486-01A4FF57765E}"
EndProject
Global
	GlobalSection(SolutionConfigurationPlatforms) = preSolution
		Debug|Any CPU = Debug|Any CPU
		Release|Any CPU = Release|Any CPU
	EndGlobalSection
	GlobalSection(ProjectConfigurationPlatforms) = postSolution
		{29F39DDC-1BC4-47BA-A486-01A4FF57765E}.Debug|Any CPU.ActiveCfg = Debug|Any CPU
		{29F39DDC-1BC4-47BA-A486-01A4FF57765E}.Debug|Any CPU.Build.0 = Debug|Any CPU
		{29F39DDC-1BC4-47BA-A486-01A4FF57765E}.Release|Any CPU.ActiveCfg = Release|Any CPU
		{29F39DDC-1BC4-47BA-A486-01A4FF57765E}.Release|Any CPU.Build.0 = Release|Any CPU
	EndGlobalSection
	GlobalSection(SolutionProperties) = preSolution
		HideSolutionNode = FALSE
	EndGlobalSection
	GlobalSection(ExtensibilityGlobals) = postSolution
		SolutionGuid = {B930883F-B1AC-4137-A279-A8203E4DAC4E}
	EndGlobalSection
EndGlobal
