
Microsoft Visual Studio Solution File, Format Version 12.00
# Visual Studio Version 17
VisualStudioVersion = 17.9.34723.18
MinimumVisualStudioVersion = 10.0.40219.1
Project("{FAE04EC0-301F-11D3-BF4B-00C04F79EFBC}") = "Movies_API", "Movies_API\Movies_API.csproj", "{D02A0473-F86E-4D4D-B220-3308394D46A1}"
EndProject
Global
	GlobalSection(SolutionConfigurationPlatforms) = preSolution
		Debug|Any CPU = Debug|Any CPU
		Release|Any CPU = Release|Any CPU
	EndGlobalSection
	GlobalSection(ProjectConfigurationPlatforms) = postSolution
		{D02A0473-F86E-4D4D-B220-3308394D46A1}.Debug|Any CPU.ActiveCfg = Debug|Any CPU
		{D02A0473-F86E-4D4D-B220-3308394D46A1}.Debug|Any CPU.Build.0 = Debug|Any CPU
		{D02A0473-F86E-4D4D-B220-3308394D46A1}.Release|Any CPU.ActiveCfg = Release|Any CPU
		{D02A0473-F86E-4D4D-B220-3308394D46A1}.Release|Any CPU.Build.0 = Release|Any CPU
	EndGlobalSection
	GlobalSection(SolutionProperties) = preSolution
		HideSolutionNode = FALSE
	EndGlobalSection
	GlobalSection(ExtensibilityGlobals) = postSolution
		SolutionGuid = {D7EDEF9C-C1B7-48FA-B657-0ACEEB515171}
	EndGlobalSection
EndGlobal
